// !$*UTF8*$!
{
	archiveVersion = 1;
	classes = {
	};
	objectVersion = 48;
	objects = {

/* Begin PBXBuildFile section */
		A00F60091F9DB56E00E53D42 /* AppDelegate.swift in Sources */ = {isa = PBXBuildFile; fileRef = A00F60081F9DB56E00E53D42 /* AppDelegate.swift */; };
		A00F600B1F9DB56E00E53D42 /* ViewController.swift in Sources */ = {isa = PBXBuildFile; fileRef = A00F600A1F9DB56E00E53D42 /* ViewController.swift */; };
		A00F600E1F9DB56E00E53D42 /* Main.storyboard in Resources */ = {isa = PBXBuildFile; fileRef = A00F600C1F9DB56E00E53D42 /* Main.storyboard */; };
		A00F60101F9DB56E00E53D42 /* Assets.xcassets in Resources */ = {isa = PBXBuildFile; fileRef = A00F600F1F9DB56E00E53D42 /* Assets.xcassets */; };
		A00F60131F9DB56E00E53D42 /* LaunchScreen.storyboard in Resources */ = {isa = PBXBuildFile; fileRef = A00F60111F9DB56E00E53D42 /* LaunchScreen.storyboard */; };
		A00F601E1F9DB56F00E53D42 /* Rotate_ImageTests.swift in Sources */ = {isa = PBXBuildFile; fileRef = A00F601D1F9DB56F00E53D42 /* Rotate_ImageTests.swift */; };
		A00F60291F9DB56F00E53D42 /* Rotate_ImageUITests.swift in Sources */ = {isa = PBXBuildFile; fileRef = A00F60281F9DB56F00E53D42 /* Rotate_ImageUITests.swift */; };
/* End PBXBuildFile section */

/* Begin PBXContainerItemProxy section */
		A00F601A1F9DB56F00E53D42 /* PBXContainerItemProxy */ = {
			isa = PBXContainerItemProxy;
			containerPortal = A00F5FFD1F9DB56E00E53D42 /* Project object */;
			proxyType = 1;
			remoteGlobalIDString = A00F60041F9DB56E00E53D42;
			remoteInfo = "Rotate Image";
		};
		A00F60251F9DB56F00E53D42 /* PBXContainerItemProxy */ = {
			isa = PBXContainerItemProxy;
			containerPortal = A00F5FFD1F9DB56E00E53D42 /* Project object */;
			proxyType = 1;
			remoteGlobalIDString = A00F60041F9DB56E00E53D42;
			remoteInfo = "Rotate Image";
		};
/* End PBXContainerItemProxy section */

/* Begin PBXFileReference section */
		A00F60051F9DB56E00E53D42 /* Rotate Image.app */ = {isa = PBXFileReference; explicitFileType = wrapper.application; includeInIndex = 0; path = "Rotate Image.app"; sourceTree = BUILT_PRODUCTS_DIR; };
		A00F60081F9DB56E00E53D42 /* AppDelegate.swift */ = {isa = PBXFileReference; lastKnownFileType = sourcecode.swift; path = AppDelegate.swift; sourceTree = "<group>"; };
		A00F600A1F9DB56E00E53D42 /* ViewController.swift */ = {isa = PBXFileReference; lastKnownFileType = sourcecode.swift; path = ViewController.swift; sourceTree = "<group>"; };
		A00F600D1F9DB56E00E53D42 /* Base */ = {isa = PBXFileReference; lastKnownFileType = file.storyboard; name = Base; path = Base.lproj/Main.storyboard; sourceTree = "<group>"; };
		A00F600F1F9DB56E00E53D42 /* Assets.xcassets */ = {isa = PBXFileReference; lastKnownFileType = folder.assetcatalog; path = Assets.xcassets; sourceTree = "<group>"; };
		A00F60121F9DB56E00E53D42 /* Base */ = {isa = PBXFileReference; lastKnownFileType = file.storyboard; name = Base; path = Base.lproj/LaunchScreen.storyboard; sourceTree = "<group>"; };
		A00F60141F9DB56F00E53D42 /* Info.plist */ = {isa = PBXFileReference; lastKnownFileType = text.plist.xml; path = Info.plist; sourceTree = "<group>"; };
		A00F60191F9DB56F00E53D42 /* Rotate ImageTests.xctest */ = {isa = PBXFileReference; explicitFileType = wrapper.cfbundle; includeInIndex = 0; path = "Rotate ImageTests.xctest"; sourceTree = BUILT_PRODUCTS_DIR; };
		A00F601D1F9DB56F00E53D42 /* Rotate_ImageTests.swift */ = {isa = PBXFileReference; lastKnownFileType = sourcecode.swift; path = Rotate_ImageTests.swift; sourceTree = "<group>"; };
		A00F601F1F9DB56F00E53D42 /* Info.plist */ = {isa = PBXFileReference; lastKnownFileType = text.plist.xml; path = Info.plist; sourceTree = "<group>"; };
		A00F60241F9DB56F00E53D42 /* Rotate ImageUITests.xctest */ = {isa = PBXFileReference; explicitFileType = wrapper.cfbundle; includeInIndex = 0; path = "Rotate ImageUITests.xctest"; sourceTree = BUILT_PRODUCTS_DIR; };
		A00F60281F9DB56F00E53D42 /* Rotate_ImageUITests.swift */ = {isa = PBXFileReference; lastKnownFileType = sourcecode.swift; path = Rotate_ImageUITests.swift; sourceTree = "<group>"; };
		A00F602A1F9DB56F00E53D42 /* Info.plist */ = {isa = PBXFileReference; lastKnownFileType = text.plist.xml; path = Info.plist; sourceTree = "<group>"; };
/* End PBXFileReference section */

/* Begin PBXFrameworksBuildPhase section */
		A00F60021F9DB56E00E53D42 /* Frameworks */ = {
			isa = PBXFrameworksBuildPhase;
			buildActionMask = 2147483647;
			files = (
			);
			runOnlyForDeploymentPostprocessing = 0;
		};
		A00F60161F9DB56F00E53D42 /* Frameworks */ = {
			isa = PBXFrameworksBuildPhase;
			buildActionMask = 2147483647;
			files = (
			);
			runOnlyForDeploymentPostprocessing = 0;
		};
		A00F60211F9DB56F00E53D42 /* Frameworks */ = {
			isa = PBXFrameworksBuildPhase;
			buildActionMask = 2147483647;
			files = (
			);
			runOnlyForDeploymentPostprocessing = 0;
		};
/* End PBXFrameworksBuildPhase section */

/* Begin PBXGroup section */
		A00F5FFC1F9DB56E00E53D42 = {
			isa = PBXGroup;
			children = (
				A00F60071F9DB56E00E53D42 /* Rotate Image */,
				A00F601C1F9DB56F00E53D42 /* Rotate ImageTests */,
				A00F60271F9DB56F00E53D42 /* Rotate ImageUITests */,
				A00F60061F9DB56E00E53D42 /* Products */,
			);
			sourceTree = "<group>";
		};
		A00F60061F9DB56E00E53D42 /* Products */ = {
			isa = PBXGroup;
			children = (
				A00F60051F9DB56E00E53D42 /* Rotate Image.app */,
				A00F60191F9DB56F00E53D42 /* Rotate ImageTests.xctest */,
				A00F60241F9DB56F00E53D42 /* Rotate ImageUITests.xctest */,
			);
			name = Products;
			sourceTree = "<group>";
		};
		A00F60071F9DB56E00E53D42 /* Rotate Image */ = {
			isa = PBXGroup;
			children = (
				A00F60081F9DB56E00E53D42 /* AppDelegate.swift */,
				A00F600A1F9DB56E00E53D42 /* ViewController.swift */,
				A00F600C1F9DB56E00E53D42 /* Main.storyboard */,
				A00F600F1F9DB56E00E53D42 /* Assets.xcassets */,
				A00F60111F9DB56E00E53D42 /* LaunchScreen.storyboard */,
				A00F60141F9DB56F00E53D42 /* Info.plist */,
			);
			path = "Rotate Image";
			sourceTree = "<group>";
		};
		A00F601C1F9DB56F00E53D42 /* Rotate ImageTests */ = {
			isa = PBXGroup;
			children = (
				A00F601D1F9DB56F00E53D42 /* Rotate_ImageTests.swift */,
				A00F601F1F9DB56F00E53D42 /* Info.plist */,
			);
			path = "Rotate ImageTests";
			sourceTree = "<group>";
		};
		A00F60271F9DB56F00E53D42 /* Rotate ImageUITests */ = {
			isa = PBXGroup;
			children = (
				A00F60281F9DB56F00E53D42 /* Rotate_ImageUITests.swift */,
				A00F602A1F9DB56F00E53D42 /* Info.plist */,
			);
			path = "Rotate ImageUITests";
			sourceTree = "<group>";
		};
/* End PBXGroup section */

/* Begin PBXNativeTarget section */
		A00F60041F9DB56E00E53D42 /* Rotate Image */ = {
			isa = PBXNativeTarget;
			buildConfigurationList = A00F602D1F9DB57000E53D42 /* Build configuration list for PBXNativeTarget "Rotate Image" */;
			buildPhases = (
				A00F60011F9DB56E00E53D42 /* Sources */,
				A00F60021F9DB56E00E53D42 /* Frameworks */,
				A00F60031F9DB56E00E53D42 /* Resources */,
			);
			buildRules = (
			);
			dependencies = (
			);
			name = "Rotate Image";
			productName = "Rotate Image";
			productReference = A00F60051F9DB56E00E53D42 /* Rotate Image.app */;
			productType = "com.apple.product-type.application";
		};
		A00F60181F9DB56F00E53D42 /* Rotate ImageTests */ = {
			isa = PBXNativeTarget;
			buildConfigurationList = A00F60301F9DB57000E53D42 /* Build configuration list for PBXNativeTarget "Rotate ImageTests" */;
			buildPhases = (
				A00F60151F9DB56F00E53D42 /* Sources */,
				A00F60161F9DB56F00E53D42 /* Frameworks */,
				A00F60171F9DB56F00E53D42 /* Resources */,
			);
			buildRules = (
			);
			dependencies = (
				A00F601B1F9DB56F00E53D42 /* PBXTargetDependency */,
			);
			name = "Rotate ImageTests";
			productName = "Rotate ImageTests";
			productReference = A00F60191F9DB56F00E53D42 /* Rotate ImageTests.xctest */;
			productType = "com.apple.product-type.bundle.unit-test";
		};
		A00F60231F9DB56F00E53D42 /* Rotate ImageUITests */ = {
			isa = PBXNativeTarget;
			buildConfigurationList = A00F60331F9DB57000E53D42 /* Build configuration list for PBXNativeTarget "Rotate ImageUITests" */;
			buildPhases = (
				A00F60201F9DB56F00E53D42 /* Sources */,
				A00F60211F9DB56F00E53D42 /* Frameworks */,
				A00F60221F9DB56F00E53D42 /* Resources */,
			);
			buildRules = (
			);
			dependencies = (
				A00F60261F9DB56F00E53D42 /* PBXTargetDependency */,
			);
			name = "Rotate ImageUITests";
			productName = "Rotate ImageUITests";
			productReference = A00F60241F9DB56F00E53D42 /* Rotate ImageUITests.xctest */;
			productType = "com.apple.product-type.bundle.ui-testing";
		};
/* End PBXNativeTarget section */

/* Begin PBXProject section */
		A00F5FFD1F9DB56E00E53D42 /* Project object */ = {
			isa = PBXProject;
			attributes = {
				LastSwiftUpdateCheck = 0900;
				LastUpgradeCheck = 0900;
				ORGANIZATIONNAME = "Hilmy Corp.";
				TargetAttributes = {
					A00F60041F9DB56E00E53D42 = {
						CreatedOnToolsVersion = 9.0;
						ProvisioningStyle = Automatic;
					};
					A00F60181F9DB56F00E53D42 = {
						CreatedOnToolsVersion = 9.0;
						ProvisioningStyle = Automatic;
						TestTargetID = A00F60041F9DB56E00E53D42;
					};
					A00F60231F9DB56F00E53D42 = {
						CreatedOnToolsVersion = 9.0;
						ProvisioningStyle = Automatic;
						TestTargetID = A00F60041F9DB56E00E53D42;
					};
				};
			};
			buildConfigurationList = A00F60001F9DB56E00E53D42 /* Build configuration list for PBXProject "Rotate Image" */;
			compatibilityVersion = "Xcode 8.0";
			developmentRegion = en;
			hasScannedForEncodings = 0;
			knownRegions = (
				en,
				Base,
			);
			mainGroup = A00F5FFC1F9DB56E00E53D42;
			productRefGroup = A00F60061F9DB56E00E53D42 /* Products */;
			projectDirPath = "";
			projectRoot = "";
			targets = (
				A00F60041F9DB56E00E53D42 /* Rotate Image */,
				A00F60181F9DB56F00E53D42 /* Rotate ImageTests */,
				A00F60231F9DB56F00E53D42 /* Rotate ImageUITests */,
			);
		};
/* End PBXProject section */

/* Begin PBXResourcesBuildPhase section */
		A00F60031F9DB56E00E53D42 /* Resources */ = {
			isa = PBXResourcesBuildPhase;
			buildActionMask = 2147483647;
			files = (
				A00F60131F9DB56E00E53D42 /* LaunchScreen.storyboard in Resources */,
				A00F60101F9DB56E00E53D42 /* Assets.xcassets in Resources */,
				A00F600E1F9DB56E00E53D42 /* Main.storyboard in Resources */,
			);
			runOnlyForDeploymentPostprocessing = 0;
		};
		A00F60171F9DB56F00E53D42 /* Resources */ = {
			isa = PBXResourcesBuildPhase;
			buildActionMask = 2147483647;
			files = (
			);
			runOnlyForDeploymentPostprocessing = 0;
		};
		A00F60221F9DB56F00E53D42 /* Resources */ = {
			isa = PBXResourcesBuildPhase;
			buildActionMask = 2147483647;
			files = (
			);
			runOnlyForDeploymentPostprocessing = 0;
		};
/* End PBXResourcesBuildPhase section */

/* Begin PBXSourcesBuildPhase section */
		A00F60011F9DB56E00E53D42 /* Sources */ = {
			isa = PBXSourcesBuildPhase;
			buildActionMask = 2147483647;
			files = (
				A00F600B1F9DB56E00E53D42 /* ViewController.swift in Sources */,
				A00F60091F9DB56E00E53D42 /* AppDelegate.swift in Sources */,
			);
			runOnlyForDeploymentPostprocessing = 0;
		};
		A00F60151F9DB56F00E53D42 /* Sources */ = {
			isa = PBXSourcesBuildPhase;
			buildActionMask = 2147483647;
			files = (
				A00F601E1F9DB56F00E53D42 /* Rotate_ImageTests.swift in Sources */,
			);
			runOnlyForDeploymentPostprocessing = 0;
		};
		A00F60201F9DB56F00E53D42 /* Sources */ = {
			isa = PBXSourcesBuildPhase;
			buildActionMask = 2147483647;
			files = (
				A00F60291F9DB56F00E53D42 /* Rotate_ImageUITests.swift in Sources */,
			);
			runOnlyForDeploymentPostprocessing = 0;
		};
/* End PBXSourcesBuildPhase section */

/* Begin PBXTargetDependency section */
		A00F601B1F9DB56F00E53D42 /* PBXTargetDependency */ = {
			isa = PBXTargetDependency;
			target = A00F60041F9DB56E00E53D42 /* Rotate Image */;
			targetProxy = A00F601A1F9DB56F00E53D42 /* PBXContainerItemProxy */;
		};
		A00F60261F9DB56F00E53D42 /* PBXTargetDependency */ = {
			isa = PBXTargetDependency;
			target = A00F60041F9DB56E00E53D42 /* Rotate Image */;
			targetProxy = A00F60251F9DB56F00E53D42 /* PBXContainerItemProxy */;
		};
/* End PBXTargetDependency section */

/* Begin PBXVariantGroup section */
		A00F600C1F9DB56E00E53D42 /* Main.storyboard */ = {
			isa = PBXVariantGroup;
			children = (
				A00F600D1F9DB56E00E53D42 /* Base */,
			);
			name = Main.storyboard;
			sourceTree = "<group>";
		};
		A00F60111F9DB56E00E53D42 /* LaunchScreen.storyboard */ = {
			isa = PBXVariantGroup;
			children = (
				A00F60121F9DB56E00E53D42 /* Base */,
			);
			name = LaunchScreen.storyboard;
			sourceTree = "<group>";
		};
/* End PBXVariantGroup section */

/* Begin XCBuildConfiguration section */
		A00F602B1F9DB57000E53D42 /* Debug */ = {
			isa = XCBuildConfiguration;
			buildSettings = {
				ALWAYS_SEARCH_USER_PATHS = NO;
				CLANG_ANALYZER_NONNULL = YES;
				CLANG_ANALYZER_NUMBER_OBJECT_CONVERSION = YES_AGGRESSIVE;
				CLANG_CXX_LANGUAGE_STANDARD = "gnu++14";
				CLANG_CXX_LIBRARY = "libc++";
				CLANG_ENABLE_MODULES = YES;
				CLANG_ENABLE_OBJC_ARC = YES;
				CLANG_WARN_BLOCK_CAPTURE_AUTORELEASING = YES;
				CLANG_WARN_BOOL_CONVERSION = YES;
				CLANG_WARN_COMMA = YES;
				CLANG_WARN_CONSTANT_CONVERSION = YES;
				CLANG_WARN_DIRECT_OBJC_ISA_USAGE = YES_ERROR;
				CLANG_WARN_DOCUMENTATION_COMMENTS = YES;
				CLANG_WARN_EMPTY_BODY = YES;
				CLANG_WARN_ENUM_CONVERSION = YES;
				CLANG_WARN_INFINITE_RECURSION = YES;
				CLANG_WARN_INT_CONVERSION = YES;
				CLANG_WARN_NON_LITERAL_NULL_CONVERSION = YES;
				CLANG_WARN_OBJC_LITERAL_CONVERSION = YES;
				CLANG_WARN_OBJC_ROOT_CLASS = YES_ERROR;
				CLANG_WARN_RANGE_LOOP_ANALYSIS = YES;
				CLANG_WARN_STRICT_PROTOTYPES = YES;
				CLANG_WARN_SUSPICIOUS_MOVE = YES;
				CLANG_WARN_UNGUARDED_AVAILABILITY = YES_AGGRESSIVE;
				CLANG_WARN_UNREACHABLE_CODE = YES;
				CLANG_WARN__DUPLICATE_METHOD_MATCH = YES;
				CODE_SIGN_IDENTITY = "iPhone Developer";
				COPY_PHASE_STRIP = NO;
				DEBUG_INFORMATION_FORMAT = dwarf;
				ENABLE_STRICT_OBJC_MSGSEND = YES;
				ENABLE_TESTABILITY = YES;
				GCC_C_LANGUAGE_STANDARD = gnu11;
				GCC_DYNAMIC_NO_PIC = NO;
				GCC_NO_COMMON_BLOCKS = YES;
				GCC_OPTIMIZATION_LEVEL = 0;
				GCC_PREPROCESSOR_DEFINITIONS = (
					"DEBUG=1",
					"$(inherited)",
				);
				GCC_WARN_64_TO_32_BIT_CONVERSION = YES;
				GCC_WARN_ABOUT_RETURN_TYPE = YES_ERROR;
				GCC_WARN_UNDECLARED_SELECTOR = YES;
				GCC_WARN_UNINITIALIZED_AUTOS = YES_AGGRESSIVE;
				GCC_WARN_UNUSED_FUNCTION = YES;
				GCC_WARN_UNUSED_VARIABLE = YES;
				IPHONEOS_DEPLOYMENT_TARGET = 11.0;
				MTL_ENABLE_DEBUG_INFO = YES;
				ONLY_ACTIVE_ARCH = YES;
				SDKROOT = iphoneos;
				SWIFT_ACTIVE_COMPILATION_CONDITIONS = DEBUG;
				SWIFT_OPTIMIZATION_LEVEL = "-Onone";
			};
			name = Debug;
		};
		A00F602C1F9DB57000E53D42 /* Release */ = {
			isa = XCBuildConfiguration;
			buildSettings = {
				ALWAYS_SEARCH_USER_PATHS = NO;
				CLANG_ANALYZER_NONNULL = YES;
				CLANG_ANALYZER_NUMBER_OBJECT_CONVERSION = YES_AGGRESSIVE;
				CLANG_CXX_LANGUAGE_STANDARD = "gnu++14";
				CLANG_CXX_LIBRARY = "libc++";
				CLANG_ENABLE_MODULES = YES;
				CLANG_ENABLE_OBJC_ARC = YES;
				CLANG_WARN_BLOCK_CAPTURE_AUTORELEASING = YES;
				CLANG_WARN_BOOL_CONVERSION = YES;
				CLANG_WARN_COMMA = YES;
				CLANG_WARN_CONSTANT_CONVERSION = YES;
				CLANG_WARN_DIRECT_OBJC_ISA_USAGE = YES_ERROR;
				CLANG_WARN_DOCUMENTATION_COMMENTS = YES;
				CLANG_WARN_EMPTY_BODY = YES;
				CLANG_WARN_ENUM_CONVERSION = YES;
				CLANG_WARN_INFINITE_RECURSION = YES;
				CLANG_WARN_INT_CONVERSION = YES;
				CLANG_WARN_NON_LITERAL_NULL_CONVERSION = YES;
				CLANG_WARN_OBJC_LITERAL_CONVERSION = YES;
				CLANG_WARN_OBJC_ROOT_CLASS = YES_ERROR;
				CLANG_WARN_RANGE_LOOP_ANALYSIS = YES;
				CLANG_WARN_STRICT_PROTOTYPES = YES;
				CLANG_WARN_SUSPICIOUS_MOVE = YES;
				CLANG_WARN_UNGUARDED_AVAILABILITY = YES_AGGRESSIVE;
				CLANG_WARN_UNREACHABLE_CODE = YES;
				CLANG_WARN__DUPLICATE_METHOD_MATCH = YES;
				CODE_SIGN_IDENTITY = "iPhone Developer";
				COPY_PHASE_STRIP = NO;
				DEBUG_INFORMATION_FORMAT = "dwarf-with-dsym";
				ENABLE_NS_ASSERTIONS = NO;
				ENABLE_STRICT_OBJC_MSGSEND = YES;
				GCC_C_LANGUAGE_STANDARD = gnu11;
				GCC_NO_COMMON_BLOCKS = YES;
				GCC_WARN_64_TO_32_BIT_CONVERSION = YES;
				GCC_WARN_ABOUT_RETURN_TYPE = YES_ERROR;
				GCC_WARN_UNDECLARED_SELECTOR = YES;
				GCC_WARN_UNINITIALIZED_AUTOS = YES_AGGRESSIVE;
				GCC_WARN_UNUSED_FUNCTION = YES;
				GCC_WARN_UNUSED_VARIABLE = YES;
				IPHONEOS_DEPLOYMENT_TARGET = 11.0;
				MTL_ENABLE_DEBUG_INFO = NO;
				SDKROOT = iphoneos;
				SWIFT_OPTIMIZATION_LEVEL = "-Owholemodule";
				VALIDATE_PRODUCT = YES;
			};
			name = Release;
		};
		A00F602E1F9DB57000E53D42 /* Debug */ = {
			isa = XCBuildConfiguration;
			buildSettings = {
				ASSETCATALOG_COMPILER_APPICON_NAME = AppIcon;
				CODE_SIGN_STYLE = Automatic;
				DEVELOPMENT_TEAM = 72C5A4RQ56;
				INFOPLIST_FILE = "Rotate Image/Info.plist";
				LD_RUNPATH_SEARCH_PATHS = "$(inherited) @executable_path/Frameworks";
				PRODUCT_BUNDLE_IDENTIFIER = "Hilmy-Fauzi.Rotate-Image";
				PRODUCT_NAME = "$(TARGET_NAME)";
				SWIFT_VERSION = 4.0;
				TARGETED_DEVICE_FAMILY = "1,2";
			};
			name = Debug;
		};
		A00F602F1F9DB57000E53D42 /* Release */ = {
			isa = XCBuildConfiguration;
			buildSettings = {
				ASSETCATALOG_COMPILER_APPICON_NAME = AppIcon;
				CODE_SIGN_STYLE = Automatic;
				DEVELOPMENT_TEAM = 72C5A4RQ56;
				INFOPLIST_FILE = "Rotate Image/Info.plist";
				LD_RUNPATH_SEARCH_PATHS = "$(inherited) @executable_path/Frameworks";
				PRODUCT_BUNDLE_IDENTIFIER = "Hilmy-Fauzi.Rotate-Image";
				PRODUCT_NAME = "$(TARGET_NAME)";
				SWIFT_VERSION = 4.0;
				TARGETED_DEVICE_FAMILY = "1,2";
			};
			name = Release;
		};
		A00F60311F9DB57000E53D42 /* Debug */ = {
			isa = XCBuildConfiguration;
			buildSettings = {
				ALWAYS_EMBED_SWIFT_STANDARD_LIBRARIES = YES;
				BUNDLE_LOADER = "$(TEST_HOST)";
				CODE_SIGN_STYLE = Automatic;
				DEVELOPMENT_TEAM = 72C5A4RQ56;
				INFOPLIST_FILE = "Rotate ImageTests/Info.plist";
				LD_RUNPATH_SEARCH_PATHS = "$(inherited) @executable_path/Frameworks @loader_path/Frameworks";
				PRODUCT_BUNDLE_IDENTIFIER = "Hilmy-Fauzi.Rotate-ImageTests";
				PRODUCT_NAME = "$(TARGET_NAME)";
				SWIFT_VERSION = 4.0;
				TARGETED_DEVICE_FAMILY = "1,2";
				TEST_HOST = "$(BUILT_PRODUCTS_DIR)/Rotate Image.app/Rotate Image";
			};
			name = Debug;
		};
		A00F60321F9DB57000E53D42 /* Release */ = {
			isa = XCBuildConfiguration;
			buildSettings = {
				ALWAYS_EMBED_SWIFT_STANDARD_LIBRARIES = YES;
				BUNDLE_LOADER = "$(TEST_HOST)";
				CODE_SIGN_STYLE = Automatic;
				DEVELOPMENT_TEAM = 72C5A4RQ56;
				INFOPLIST_FILE = "Rotate ImageTests/Info.plist";
				LD_RUNPATH_SEARCH_PATHS = "$(inherited) @executable_path/Frameworks @loader_path/Frameworks";
				PRODUCT_BUNDLE_IDENTIFIER = "Hilmy-Fauzi.Rotate-ImageTests";
				PRODUCT_NAME = "$(TARGET_NAME)";
				SWIFT_VERSION = 4.0;
				TARGETED_DEVICE_FAMILY = "1,2";
				TEST_HOST = "$(BUILT_PRODUCTS_DIR)/Rotate Image.app/Rotate Image";
			};
			name = Release;
		};
		A00F60341F9DB57000E53D42 /* Debug */ = {
			isa = XCBuildConfiguration;
			buildSettings = {
				ALWAYS_EMBED_SWIFT_STANDARD_LIBRARIES = YES;
				CODE_SIGN_STYLE = Automatic;
				DEVELOPMENT_TEAM = 72C5A4RQ56;
				INFOPLIST_FILE = "Rotate ImageUITests/Info.plist";
				LD_RUNPATH_SEARCH_PATHS = "$(inherited) @executable_path/Frameworks @loader_path/Frameworks";
				PRODUCT_BUNDLE_IDENTIFIER = "Hilmy-Fauzi.Rotate-ImageUITests";
				PRODUCT_NAME = "$(TARGET_NAME)";
				SWIFT_VERSION = 4.0;
				TARGETED_DEVICE_FAMILY = "1,2";
				TEST_TARGET_NAME = "Rotate Image";
			};
			name = Debug;
		};
		A00F60351F9DB57000E53D42 /* Release */ = {
			isa = XCBuildConfiguration;
			buildSettings = {
				ALWAYS_EMBED_SWIFT_STANDARD_LIBRARIES = YES;
				CODE_SIGN_STYLE = Automatic;
				DEVELOPMENT_TEAM = 72C5A4RQ56;
				INFOPLIST_FILE = "Rotate ImageUITests/Info.plist";
				LD_RUNPATH_SEARCH_PATHS = "$(inherited) @executable_path/Frameworks @loader_path/Frameworks";
				PRODUCT_BUNDLE_IDENTIFIER = "Hilmy-Fauzi.Rotate-ImageUITests";
				PRODUCT_NAME = "$(TARGET_NAME)";
				SWIFT_VERSION = 4.0;
				TARGETED_DEVICE_FAMILY = "1,2";
				TEST_TARGET_NAME = "Rotate Image";
			};
			name = Release;
		};
/* End XCBuildConfiguration section */

/* Begin XCConfigurationList section */
		A00F60001F9DB56E00E53D42 /* Build configuration list for PBXProject "Rotate Image" */ = {
			isa = XCConfigurationList;
			buildConfigurations = (
				A00F602B1F9DB57000E53D42 /* Debug */,
				A00F602C1F9DB57000E53D42 /* Release */,
			);
			defaultConfigurationIsVisible = 0;
			defaultConfigurationName = Release;
		};
		A00F602D1F9DB57000E53D42 /* Build configuration list for PBXNativeTarget "Rotate Image" */ = {
			isa = XCConfigurationList;
			buildConfigurations = (
				A00F602E1F9DB57000E53D42 /* Debug */,
				A00F602F1F9DB57000E53D42 /* Release */,
			);
			defaultConfigurationIsVisible = 0;
			defaultConfigurationName = Release;
		};
		A00F60301F9DB57000E53D42 /* Build configuration list for PBXNativeTarget "Rotate ImageTests" */ = {
			isa = XCConfigurationList;
			buildConfigurations = (
				A00F60311F9DB57000E53D42 /* Debug */,
				A00F60321F9DB57000E53D42 /* Release */,
			);
			defaultConfigurationIsVisible = 0;
			defaultConfigurationName = Release;
		};
		A00F60331F9DB57000E53D42 /* Build configuration list for PBXNativeTarget "Rotate ImageUITests" */ = {
			isa = XCConfigurationList;
			buildConfigurations = (
				A00F60341F9DB57000E53D42 /* Debug */,
				A00F60351F9DB57000E53D42 /* Release */,
			);
			defaultConfigurationIsVisible = 0;
			defaultConfigurationName = Release;
		};
/* End XCConfigurationList section */
	};
	rootObject = A00F5FFD1F9DB56E00E53D42 /* Project object */;
}
